<?xml version="1.0" encoding="utf-8"?>
<Project ToolsVersion="4.0" xmlns="http://schemas.microsoft.com/developer/msbuild/2003">
  <ItemGroup>
    <ClCompile Include="utils\FileUtils.cpp">
      <Filter>utils</Filter>
    </ClCompile>
    <ClCompile Include="utils\Log.cpp">
      <Filter>utils</Filter>
    </ClCompile>
    <ClCompile Include="utils\mtrand.cpp">
      <Filter>utils</Filter>
    </ClCompile>
    <ClCompile Include="utils\PlainTextReader.cpp">
      <Filter>utils</Filter>
    </ClCompile>
    <ClCompile Include="utils\Profiler.cpp">
      <Filter>utils</Filter>
    </ClCompile>
    <ClCompile Include="utils\StringUtils.cpp">
      <Filter>utils</Filter>
    </ClCompile>
    <ClCompile Include="renderer\Camera.cpp">
      <Filter>renderer</Filter>
    </ClCompile>
    <ClCompile Include="renderer\GraphicsDevice.cpp">
      <Filter>renderer</Filter>
    </ClCompile>
    <ClCompile Include="renderer\VertexDeclaration.cpp">
      <Filter>renderer</Filter>
    </ClCompile>
    <ClCompile Include="renderer\Viewport.cpp">
      <Filter>renderer</Filter>
    </ClCompile>
    <ClCompile Include="audio\AudioBuffer.cpp">
      <Filter>audio</Filter>
    </ClCompile>
    <ClCompile Include="audio\AudioManager.cpp">
      <Filter>audio</Filter>
    </ClCompile>
    <ClCompile Include="base\BaseApp.cpp">
      <Filter>base</Filter>
    </ClCompile>
    <ClCompile Include="base\Input.cpp">
      <Filter>base</Filter>
    </ClCompile>
    <ClCompile Include="base\WindowsBase.cpp">
      <Filter>base</Filter>
    </ClCompile>
    <ClCompile Include="dialogs\GUIDialog.cpp">
      <Filter>dialogs</Filter>
    </ClCompile>
    <ClCompile Include="audio\Sound.cpp">
      <Filter>audio</Filter>
    </ClCompile>
    <ClCompile Include="dialogs\DialogManager.cpp">
      <Filter>dialogs</Filter>
    </ClCompile>
    <ClCompile Include="renderer\buffer_types.cpp">
      <Filter>renderer</Filter>
    </ClCompile>
    <ClCompile Include="utils\Color.cpp">
      <Filter>utils</Filter>
    </ClCompile>
    <ClCompile Include="math\matrix.cpp">
      <Filter>math</Filter>
    </ClCompile>
    <ClCompile Include="math\vector.cpp">
      <Filter>math</Filter>
    </ClCompile>
    <ClCompile Include="math\GameMath.cpp">
      <Filter>math</Filter>
    </ClCompile>
    <ClCompile Include="renderer\shader.cpp">
      <Filter>renderer</Filter>
    </ClCompile>
    <ClCompile Include="memory\MallocAllocator.cpp">
      <Filter>memory</Filter>
    </ClCompile>
    <ClCompile Include="memory\FreeListAllocator.cpp">
      <Filter>memory</Filter>
    </ClCompile>
    <ClCompile Include="utils\font.cpp">
      <Filter>utils</Filter>
    </ClCompile>
    <ClCompile Include="base\EventStream.cpp">
      <Filter>base</Filter>
    </ClCompile>
    <ClCompile Include="renderer\Camera2D.cpp">
      <Filter>renderer</Filter>
    </ClCompile>
    <ClCompile Include="memory\DataBlockAllocator.cpp">
      <Filter>memory</Filter>
    </ClCompile>
    <ClCompile Include="particles\ParticleSystem.cpp">
      <Filter>particles</Filter>
    </ClCompile>
    <ClCompile Include="renderer\BitmapFont.cpp">
      <Filter>renderer</Filter>
    </ClCompile>
    <ClCompile Include="particles\ParticleManager.cpp">
      <Filter>particles</Filter>
    </ClCompile>
    <ClCompile Include="objects\BloomComponent.cpp">
      <Filter>objects</Filter>
    </ClCompile>
    <ClCompile Include="sprites\SpriteBatch.cpp">
      <Filter>sprites</Filter>
    </ClCompile>
    <ClCompile Include="collision\BroadPhaseDetector.cpp">
      <Filter>collision</Filter>
    </ClCompile>
    <ClCompile Include="collision\CollisionDetectionSystem.cpp">
      <Filter>collision</Filter>
    </ClCompile>
    <ClCompile Include="collision\NarrowPhaseDetector.cpp">
      <Filter>collision</Filter>
    </ClCompile>
    <ClCompile Include="collision\SpatialHashingBroadPhaseDetector.cpp">
      <Filter>collision</Filter>
    </ClCompile>
    <ClCompile Include="math\tweening.cpp">
      <Filter>math</Filter>
    </ClCompile>
    <ClCompile Include="sprites\modifiers.cpp">
      <Filter>sprites</Filter>
    </ClCompile>
    <ClCompile Include="lib\DataContainer.cpp">
      <Filter>lib</Filter>
    </ClCompile>
    <ClCompile Include="world\World.cpp">
      <Filter>world</Filter>
    </ClCompile>
    <ClCompile Include="world\actions\AlphaFadeToAction.cpp">
      <Filter>world\actions</Filter>
    </ClCompile>
    <ClCompile Include="world\actions\MoveToAction.cpp">
      <Filter>world\actions</Filter>
    </ClCompile>
    <ClCompile Include="world\actions\ScalingAction.cpp">
      <Filter>world\actions</Filter>
    </ClCompile>
    <ClCompile Include="world\actions\AbstractAction.cpp">
      <Filter>world\actions</Filter>
    </ClCompile>
    <ClCompile Include="sprites\SpriteArray.cpp">
      <Filter>sprites</Filter>
    </ClCompile>
    <ClCompile Include="world\actions\RotateByAction.cpp">
      <Filter>world\actions</Filter>
    </ClCompile>
    <ClCompile Include="world\actions\FollowPathAction.cpp">
      <Filter>world\actions</Filter>
    </ClCompile>
    <ClCompile Include="math\CubicBezierPath.cpp">
      <Filter>math</Filter>
    </ClCompile>
    <ClCompile Include="world\actions\FollowCurveAction.cpp">
      <Filter>world\actions</Filter>
    </ClCompile>
    <ClCompile Include="world\actions\MoveByAction.cpp">
      <Filter>world\actions</Filter>
    </ClCompile>
    <ClCompile Include="world\actions\WaitAction.cpp">
      <Filter>world\actions</Filter>
    </ClCompile>
    <ClCompile Include="physics\ColliderArray.cpp">
      <Filter>physics</Filter>
    </ClCompile>
    <ClCompile Include="world\actions\MoveWithAction.cpp">
      <Filter>world\actions</Filter>
    </ClCompile>
    <ClCompile Include="tasks\TaskManager.cpp">
      <Filter>tasks</Filter>
    </ClCompile>
    <ClCompile Include="world\actions\RotateAction.cpp">
      <Filter>world\actions</Filter>
    </ClCompile>
    <ClCompile Include="renderer\graphics.cpp">
      <Filter>renderer</Filter>
    </ClCompile>
    <ClCompile Include="world\actions\FollowTargetAction.cpp">
      <Filter>world\actions</Filter>
    </ClCompile>
    <ClCompile Include="sprites\SpriteTemplates.cpp">
      <Filter>sprites</Filter>
    </ClCompile>
    <ClCompile Include="math\StraightPath.cpp">
      <Filter>math</Filter>
    </ClCompile>
    <ClCompile Include="world\actions\FollowStraightPathAction.cpp">
      <Filter>world\actions</Filter>
    </ClCompile>
    <ClCompile Include="utils\ObjLoader.cpp">
      <Filter>utils</Filter>
    </ClCompile>
    <ClCompile Include="physics\PhysicalWorld.cpp">
      <Filter>physics</Filter>
    </ClCompile>
    <ClCompile Include="utils\TimedObject.cpp">
      <Filter>utils</Filter>
    </ClCompile>
    <ClCompile Include="utils\Trails.cpp">
      <Filter>utils</Filter>
    </ClCompile>
    <ClCompile Include="world\actions\RemoveAfterAction.cpp">
      <Filter>world\actions</Filter>
    </ClCompile>
    <ClCompile Include="ui\IMGUI.cpp">
      <Filter>ui</Filter>
    </ClCompile>
    <ClCompile Include="base\GameStateMachine.cpp">
      <Filter>base</Filter>
    </ClCompile>
    <ClCompile Include="math\hex.cpp">
      <Filter>math</Filter>
    </ClCompile>
    <ClCompile Include="sprites\SpriteGroup.cpp">
      <Filter>sprites</Filter>
    </ClCompile>
    <ClCompile Include="utils\JSONWriter.cpp">
      <Filter>utils</Filter>
    </ClCompile>
    <ClCompile Include="data\DynamicSettings.cpp">
      <Filter>data</Filter>
    </ClCompile>
    <ClCompile Include="editor\BitmapFontsDialog.cpp">
      <Filter>editor</Filter>
    </ClCompile>
    <ClCompile Include="editor\SpriteTemplatesEditor.cpp">
      <Filter>editor</Filter>
    </ClCompile>
    <ClCompile Include="world\actions\ColorFadeToAction.cpp">
      <Filter>world\actions</Filter>
    </ClCompile>
    <ClCompile Include="editor\SpriteTemplatesState.cpp">
      <Filter>editor</Filter>
    </ClCompile>
    <ClCompile Include="editor\ParticlesEditState.cpp">
      <Filter>editor</Filter>
    </ClCompile>
    <ClCompile Include="particles\ParticleModifier.cpp">
      <Filter>particles</Filter>
    </ClCompile>
    <ClCompile Include="particles\ParticleSystemFactory.cpp">
      <Filter>particles</Filter>
    </ClCompile>
    <ClCompile Include="particles\ParticleGenerator.cpp">
      <Filter>particles</Filter>
    </ClCompile>
    <ClCompile Include="editor\ParticleSystemEditor.cpp">
      <Filter>editor</Filter>
    </ClCompile>
    <ClCompile Include="ui\DebugPanel.cpp">
      <Filter>ui</Filter>
    </ClCompile>
    <ClCompile Include="io\FileRepository.cpp">
      <Filter>io</Filter>
    </ClCompile>
    <ClCompile Include="io\TextCompressor.cpp">
      <Filter>io</Filter>
    </ClCompile>
    <ClCompile Include="editor\DialogEditorState.cpp">
      <Filter>editor</Filter>
    </ClCompile>
  </ItemGroup>
  <ItemGroup>
    <ClInclude Include="dxstdafx.h" />
    <ClInclude Include="resource.h" />
    <ClInclude Include="utils\FileUtils.h">
      <Filter>utils</Filter>
    </ClInclude>
    <ClInclude Include="utils\Log.h">
      <Filter>utils</Filter>
    </ClInclude>
    <ClInclude Include="utils\mtrand.h">
      <Filter>utils</Filter>
    </ClInclude>
    <ClInclude Include="utils\PlainTextReader.h">
      <Filter>utils</Filter>
    </ClInclude>
    <ClInclude Include="utils\Profiler.h">
      <Filter>utils</Filter>
    </ClInclude>
    <ClInclude Include="utils\StringUtils.h">
      <Filter>utils</Filter>
    </ClInclude>
    <ClInclude Include="renderer\Camera.h">
      <Filter>renderer</Filter>
    </ClInclude>
    <ClInclude Include="renderer\GraphicsDevice.h">
      <Filter>renderer</Filter>
    </ClInclude>
    <ClInclude Include="renderer\VertexDeclaration.h">
      <Filter>renderer</Filter>
    </ClInclude>
    <ClInclude Include="renderer\Viewport.h">
      <Filter>renderer</Filter>
    </ClInclude>
    <ClInclude Include="audio\AudioManager.h">
      <Filter>audio</Filter>
    </ClInclude>
    <ClInclude Include="audio\AudioBuffer.h">
      <Filter>audio</Filter>
    </ClInclude>
    <ClInclude Include="base\BaseApp.h">
      <Filter>base</Filter>
    </ClInclude>
    <ClInclude Include="base\Input.h">
      <Filter>base</Filter>
    </ClInclude>
    <ClInclude Include="lib\container\GridArray.h">
      <Filter>lib\container</Filter>
    </ClInclude>
    <ClInclude Include="lib\container\List.h">
      <Filter>lib\container</Filter>
    </ClInclude>
    <ClInclude Include="lib\container\String.h">
      <Filter>lib\container</Filter>
    </ClInclude>
    <ClInclude Include="utils\Color.h">
      <Filter>utils</Filter>
    </ClInclude>
    <ClInclude Include="renderer\render_types.h">
      <Filter>renderer</Filter>
    </ClInclude>
    <ClInclude Include="renderer\vertex_types.h">
      <Filter>renderer</Filter>
    </ClInclude>
    <ClInclude Include="dialogs\GUIDialog.h">
      <Filter>dialogs</Filter>
    </ClInclude>
    <ClInclude Include="audio\Sound.h">
      <Filter>audio</Filter>
    </ClInclude>
    <ClInclude Include="particles\Particle.h">
      <Filter>particles</Filter>
    </ClInclude>
    <ClInclude Include="dialogs\DialogManager.h">
      <Filter>dialogs</Filter>
    </ClInclude>
    <ClInclude Include="renderer\buffer_types.h">
      <Filter>renderer</Filter>
    </ClInclude>
    <ClInclude Include="math\math_types.h">
      <Filter>math</Filter>
    </ClInclude>
    <ClInclude Include="math\matrix.h">
      <Filter>math</Filter>
    </ClInclude>
    <ClInclude Include="math\vector.h">
      <Filter>math</Filter>
    </ClInclude>
    <ClInclude Include="math\GameMath.h">
      <Filter>math</Filter>
    </ClInclude>
    <ClInclude Include="renderer\shader.h">
      <Filter>renderer</Filter>
    </ClInclude>
    <ClInclude Include="memory\FSAllocator.h">
      <Filter>memory</Filter>
    </ClInclude>
    <ClInclude Include="memory\memory_types.h">
      <Filter>memory</Filter>
    </ClInclude>
    <ClInclude Include="memory\MallocAllocator.h">
      <Filter>memory</Filter>
    </ClInclude>
    <ClInclude Include="memory\FreeListAllocator.h">
      <Filter>memory</Filter>
    </ClInclude>
    <ClInclude Include="utils\font.h">
      <Filter>utils</Filter>
    </ClInclude>
    <ClInclude Include="math\FloatArray.h">
      <Filter>math</Filter>
    </ClInclude>
    <ClInclude Include="lib\ScratchBuffer.h">
      <Filter>lib</Filter>
    </ClInclude>
    <ClInclude Include="lib\DataBuffer.h">
      <Filter>lib</Filter>
    </ClInclude>
    <ClInclude Include="lib\Grid.h">
      <Filter>lib</Filter>
    </ClInclude>
    <ClInclude Include="base\EventStream.h">
      <Filter>base</Filter>
    </ClInclude>
    <ClInclude Include="renderer\Camera2D.h">
      <Filter>renderer</Filter>
    </ClInclude>
    <ClInclude Include="math\Bitset.h">
      <Filter>math</Filter>
    </ClInclude>
    <ClInclude Include="utils\GameTimer.h">
      <Filter>utils</Filter>
    </ClInclude>
    <ClInclude Include="memory\DataBlockAllocator.h">
      <Filter>memory</Filter>
    </ClInclude>
    <ClInclude Include="lib\container\ImmutableBag.h">
      <Filter>lib\container</Filter>
    </ClInclude>
    <ClInclude Include="base\ApplicationContext.h">
      <Filter>base</Filter>
    </ClInclude>
    <ClInclude Include="particles\ParticleSystem.h">
      <Filter>particles</Filter>
    </ClInclude>
    <ClInclude Include="renderer\BitmapFont.h">
      <Filter>renderer</Filter>
    </ClInclude>
    <ClInclude Include="sprites\Sprite.h">
      <Filter>sprites</Filter>
    </ClInclude>
    <ClInclude Include="particles\ParticleManager.h">
      <Filter>particles</Filter>
    </ClInclude>
    <ClInclude Include="lib\container\dVector.h">
      <Filter>lib\container</Filter>
    </ClInclude>
    <ClInclude Include="objects\BloomComponent.h">
      <Filter>objects</Filter>
    </ClInclude>
    <ClInclude Include="sprites\SpriteBatch.h">
      <Filter>sprites</Filter>
    </ClInclude>
    <ClInclude Include="lib\DataArray.h">
      <Filter>lib</Filter>
    </ClInclude>
    <ClInclude Include="data\DynamicSettings.h">
      <Filter>data</Filter>
    </ClInclude>
    <ClInclude Include="lib\BlockDataArray.h">
      <Filter>lib</Filter>
    </ClInclude>
    <ClInclude Include="collision\BroadPhaseDetector.h">
      <Filter>collision</Filter>
    </ClInclude>
    <ClInclude Include="collision\CollisionDetectionSystem.h">
      <Filter>collision</Filter>
    </ClInclude>
    <ClInclude Include="collision\CollisionTypes.h">
      <Filter>collision</Filter>
    </ClInclude>
    <ClInclude Include="collision\NarrowPhaseDetector.h">
      <Filter>collision</Filter>
    </ClInclude>
    <ClInclude Include="collision\SpatialHashingBroadPhaseDetector.h">
      <Filter>collision</Filter>
    </ClInclude>
    <ClInclude Include="particles\ParticleModifier.h">
      <Filter>particles</Filter>
    </ClInclude>
    <ClInclude Include="particles\ParticleEmitter.h">
      <Filter>particles</Filter>
    </ClInclude>
    <ClInclude Include="math\tweening.h">
      <Filter>math</Filter>
    </ClInclude>
    <ClInclude Include="base\GameState.h">
      <Filter>base</Filter>
    </ClInclude>
    <ClInclude Include="lib\Bitset.h">
      <Filter>lib</Filter>
    </ClInclude>
    <ClInclude Include="sprites\modifiers.h">
      <Filter>sprites</Filter>
    </ClInclude>
    <ClInclude Include="lib\DataContainer.h">
      <Filter>lib</Filter>
    </ClInclude>
    <ClInclude Include="world\World.h">
      <Filter>world</Filter>
    </ClInclude>
    <ClInclude Include="world\actions\AlphaFadeToAction.h">
      <Filter>world\actions</Filter>
    </ClInclude>
    <ClInclude Include="world\actions\MoveToAction.h">
      <Filter>world\actions</Filter>
    </ClInclude>
    <ClInclude Include="world\actions\ScalingAction.h">
      <Filter>world\actions</Filter>
    </ClInclude>
    <ClInclude Include="world\actions\AbstractAction.h">
      <Filter>world\actions</Filter>
    </ClInclude>
    <ClInclude Include="sprites\SpriteArray.h">
      <Filter>sprites</Filter>
    </ClInclude>
    <ClInclude Include="world\actions\RotateByAction.h">
      <Filter>world\actions</Filter>
    </ClInclude>
    <ClInclude Include="world\actions\FollowPathAction.h">
      <Filter>world\actions</Filter>
    </ClInclude>
    <ClInclude Include="math\CubicBezierPath.h">
      <Filter>math</Filter>
    </ClInclude>
    <ClInclude Include="math\BezierCurve.h">
      <Filter>math</Filter>
    </ClInclude>
    <ClInclude Include="world\actions\FollowCurveAction.h">
      <Filter>world\actions</Filter>
    </ClInclude>
    <ClInclude Include="world\actions\MoveByAction.h">
      <Filter>world\actions</Filter>
    </ClInclude>
    <ClInclude Include="world\actions\WaitAction.h">
      <Filter>world\actions</Filter>
    </ClInclude>
    <ClInclude Include="physics\ColliderArray.h">
      <Filter>physics</Filter>
    </ClInclude>
    <ClInclude Include="lib\IDMap.h">
      <Filter>lib</Filter>
    </ClInclude>
    <ClInclude Include="world\actions\MoveWithAction.h">
      <Filter>world\actions</Filter>
    </ClInclude>
    <ClInclude Include="tasks\TaskManager.h">
      <Filter>tasks</Filter>
    </ClInclude>
    <ClInclude Include="world\actions\RotateAction.h">
      <Filter>world\actions</Filter>
    </ClInclude>
    <ClInclude Include="renderer\graphics.h">
      <Filter>renderer</Filter>
    </ClInclude>
    <ClInclude Include="world\actions\FollowTargetAction.h">
      <Filter>world\actions</Filter>
    </ClInclude>
    <ClInclude Include="sprites\SpriteTemplates.h">
      <Filter>sprites</Filter>
    </ClInclude>
    <ClInclude Include="lib\PriorityQueue.h">
      <Filter>lib</Filter>
    </ClInclude>
    <ClInclude Include="math\StraightPath.h">
      <Filter>math</Filter>
    </ClInclude>
    <ClInclude Include="world\actions\FollowStraightPathAction.h">
      <Filter>world\actions</Filter>
    </ClInclude>
    <ClInclude Include="world\actions\ColorFadeToAction.h">
      <Filter>world\actions</Filter>
    </ClInclude>
    <ClInclude Include="utils\ObjLoader.h">
      <Filter>utils</Filter>
    </ClInclude>
    <ClInclude Include="physics\PhysicalWorld.h">
      <Filter>physics</Filter>
    </ClInclude>
    <ClInclude Include="utils\TimedObject.h">
      <Filter>utils</Filter>
    </ClInclude>
    <ClInclude Include="utils\Trails.h">
      <Filter>utils</Filter>
    </ClInclude>
    <ClInclude Include="world\actions\RemoveAfterAction.h">
      <Filter>world\actions</Filter>
    </ClInclude>
    <ClInclude Include="base\GameStateMachine.h">
      <Filter>base</Filter>
    </ClInclude>
    <ClInclude Include="base\Settings.h">
      <Filter>base</Filter>
    </ClInclude>
    <ClInclude Include="ui\IMGUI.h">
      <Filter>ui</Filter>
    </ClInclude>
    <ClInclude Include="math\hex.h">
      <Filter>math</Filter>
    </ClInclude>
    <ClInclude Include="DialogResources.h" />
    <ClInclude Include="sprites\SpriteGroup.h">
      <Filter>sprites</Filter>
    </ClInclude>
    <ClInclude Include="utils\JSONWriter.h">
      <Filter>utils</Filter>
    </ClInclude>
    <ClInclude Include="editor\BitmapFontsDialog.h">
      <Filter>editor</Filter>
    </ClInclude>
    <ClInclude Include="compiler\DataFile.h">
      <Filter>compiler</Filter>
    </ClInclude>
    <ClInclude Include="editor\SpriteTemplatesEditor.h">
      <Filter>editor</Filter>
    </ClInclude>
    <ClInclude Include="editor\AssetEditor.h">
      <Filter>editor</Filter>
    </ClInclude>
    <ClInclude Include="editor\SpriteTemplatesState.h">
      <Filter>editor</Filter>
    </ClInclude>
    <ClInclude Include="editor\ParticlesEditState.h">
      <Filter>editor</Filter>
    </ClInclude>
    <ClInclude Include="particles\ParticleSystemFactory.h">
      <Filter>particles</Filter>
    </ClInclude>
    <ClInclude Include="particles\ParticleSystemData.h">
      <Filter>particles</Filter>
    </ClInclude>
    <ClInclude Include="particles\ParticleGenerator.h">
      <Filter>particles</Filter>
    </ClInclude>
    <ClInclude Include="editor\ParticleSystemEditor.h">
      <Filter>editor</Filter>
    </ClInclude>
    <ClInclude Include="ui\DebugPanel.h">
      <Filter>ui</Filter>
    </ClInclude>
    <ClInclude Include="io\FileRepository.h">
      <Filter>io</Filter>
    </ClInclude>
    <ClInclude Include="io\TextCompressor.h">
      <Filter>io</Filter>
    </ClInclude>
    <ClInclude Include="editor\DialogEditorState.h">
      <Filter>editor</Filter>
    </ClInclude>
  </ItemGroup>
  <ItemGroup>
    <None Include="DXUT\Optional\directx.ico" />
    <None Include="TODO.md" />
  </ItemGroup>
  <ItemGroup>
    <Filter Include="utils">
      <UniqueIdentifier>{814ebfef-ec5e-4da4-aafd-e45a6b8858f5}</UniqueIdentifier>
    </Filter>
    <Filter Include="renderer">
      <UniqueIdentifier>{75a75e51-1730-4714-a213-8e696000dcb4}</UniqueIdentifier>
    </Filter>
    <Filter Include="audio">
      <UniqueIdentifier>{2ac09f75-d6dd-4064-836f-8b3f76f200f8}</UniqueIdentifier>
    </Filter>
    <Filter Include="base">
      <UniqueIdentifier>{7fc4fc7c-df17-4331-9246-f1354d5cf34c}</UniqueIdentifier>
    </Filter>
    <Filter Include="lib">
      <UniqueIdentifier>{80da9192-27d0-4e36-b560-50768dbeea60}</UniqueIdentifier>
    </Filter>
    <Filter Include="lib\container">
      <UniqueIdentifier>{bb121fc2-ac2f-4180-af32-0e3069191923}</UniqueIdentifier>
    </Filter>
    <Filter Include="dialogs">
      <UniqueIdentifier>{e5471b25-6034-4697-bf0c-5d3f5ca195f0}</UniqueIdentifier>
    </Filter>
    <Filter Include="particles">
      <UniqueIdentifier>{86130fce-dcee-4298-b65f-91dfdc1a6e93}</UniqueIdentifier>
    </Filter>
    <Filter Include="math">
      <UniqueIdentifier>{c44a0c43-890c-4d0c-a3c0-acdef8e08bc8}</UniqueIdentifier>
    </Filter>
    <Filter Include="memory">
      <UniqueIdentifier>{d5b703ad-3c64-4a00-91ff-acebbf3ef8bc}</UniqueIdentifier>
    </Filter>
    <Filter Include="world">
      <UniqueIdentifier>{ae22df38-8d64-4a51-b055-3d43c502066a}</UniqueIdentifier>
    </Filter>
    <Filter Include="world\components">
      <UniqueIdentifier>{1d97f0c4-4969-4b32-abbd-ef47bed840fb}</UniqueIdentifier>
    </Filter>
    <Filter Include="io">
      <UniqueIdentifier>{f18a0897-5410-4308-af35-93f8459b4957}</UniqueIdentifier>
    </Filter>
    <Filter Include="data">
      <UniqueIdentifier>{60f9dd9d-4ebf-4c59-9f8e-781cf033ff9e}</UniqueIdentifier>
    </Filter>
    <Filter Include="sprites">
      <UniqueIdentifier>{8d172883-66db-4af1-bda9-faab2ac576f2}</UniqueIdentifier>
    </Filter>
    <Filter Include="objects">
      <UniqueIdentifier>{154b76ff-d046-4d98-9f4f-5b6a10fd3864}</UniqueIdentifier>
    </Filter>
    <Filter Include="compiler">
      <UniqueIdentifier>{fcbfebaa-fe95-4080-a20b-7f0f2d6b1828}</UniqueIdentifier>
    </Filter>
    <Filter Include="ecs">
      <UniqueIdentifier>{78a42f98-d454-4702-8275-944d42677625}</UniqueIdentifier>
    </Filter>
    <Filter Include="collision">
      <UniqueIdentifier>{1492ec9b-a315-4461-848e-c935a447e4e4}</UniqueIdentifier>
    </Filter>
    <Filter Include="world\actions">
      <UniqueIdentifier>{361fb336-b0a8-4233-884f-79b32526eba3}</UniqueIdentifier>
    </Filter>
    <Filter Include="physics">
      <UniqueIdentifier>{dc726061-ad8c-4911-afd6-184d845f5cc8}</UniqueIdentifier>
    </Filter>
    <Filter Include="tasks">
      <UniqueIdentifier>{a533f33a-9f33-48e6-857d-831e1586eb3b}</UniqueIdentifier>
    </Filter>
    <Filter Include="ui">
      <UniqueIdentifier>{b51108ab-afc9-4563-8fef-82e56fd08bec}</UniqueIdentifier>
    </Filter>
    <Filter Include="editor">
      <UniqueIdentifier>{6dc399db-de5a-407c-b7a2-d9de1e03b21b}</UniqueIdentifier>
    </Filter>
  </ItemGroup>
</Project>