<?xml version="1.0" encoding="utf-8"?>
<Project ToolsVersion="4.0" xmlns="http://schemas.microsoft.com/developer/msbuild/2003">
  <ItemGroup>
    <ClCompile Include="utils\FileUtils.cpp">
      <Filter>utils</Filter>
    </ClCompile>
    <ClCompile Include="utils\Log.cpp">
      <Filter>utils</Filter>
    </ClCompile>
    <ClCompile Include="utils\mtrand.cpp">
      <Filter>utils</Filter>
    </ClCompile>
    <ClCompile Include="utils\PlainTextReader.cpp">
      <Filter>utils</Filter>
    </ClCompile>
    <ClCompile Include="utils\Profiler.cpp">
      <Filter>utils</Filter>
    </ClCompile>
    <ClCompile Include="utils\StringUtils.cpp">
      <Filter>utils</Filter>
    </ClCompile>
    <ClCompile Include="renderer\Camera.cpp">
      <Filter>renderer</Filter>
    </ClCompile>
    <ClCompile Include="renderer\GraphicsDevice.cpp">
      <Filter>renderer</Filter>
    </ClCompile>
    <ClCompile Include="renderer\Renderer.cpp">
      <Filter>renderer</Filter>
    </ClCompile>
    <ClCompile Include="renderer\VertexDeclaration.cpp">
      <Filter>renderer</Filter>
    </ClCompile>
    <ClCompile Include="renderer\Viewport.cpp">
      <Filter>renderer</Filter>
    </ClCompile>
    <ClCompile Include="audio\AudioBuffer.cpp">
      <Filter>audio</Filter>
    </ClCompile>
    <ClCompile Include="audio\AudioManager.cpp">
      <Filter>audio</Filter>
    </ClCompile>
    <ClCompile Include="base\BaseApp.cpp">
      <Filter>base</Filter>
    </ClCompile>
    <ClCompile Include="base\Input.cpp">
      <Filter>base</Filter>
    </ClCompile>
    <ClCompile Include="base\WindowsBase.cpp">
      <Filter>base</Filter>
    </ClCompile>
    <ClCompile Include="renderer\DrawCounter.cpp">
      <Filter>renderer</Filter>
    </ClCompile>
    <ClCompile Include="dialogs\GUIDialog.cpp">
      <Filter>dialogs</Filter>
    </ClCompile>
    <ClCompile Include="audio\Sound.cpp">
      <Filter>audio</Filter>
    </ClCompile>
    <ClCompile Include="dialogs\DialogManager.cpp">
      <Filter>dialogs</Filter>
    </ClCompile>
    <ClCompile Include="renderer\buffer_types.cpp">
      <Filter>renderer</Filter>
    </ClCompile>
    <ClCompile Include="utils\Color.cpp">
      <Filter>utils</Filter>
    </ClCompile>
    <ClCompile Include="math\matrix.cpp">
      <Filter>math</Filter>
    </ClCompile>
    <ClCompile Include="math\vector.cpp">
      <Filter>math</Filter>
    </ClCompile>
    <ClCompile Include="math\GameMath.cpp">
      <Filter>math</Filter>
    </ClCompile>
    <ClCompile Include="renderer\shader.cpp">
      <Filter>renderer</Filter>
    </ClCompile>
    <ClCompile Include="memory\MallocAllocator.cpp">
      <Filter>memory</Filter>
    </ClCompile>
    <ClCompile Include="memory\FreeListAllocator.cpp">
      <Filter>memory</Filter>
    </ClCompile>
    <ClCompile Include="utils\font.cpp">
      <Filter>utils</Filter>
    </ClCompile>
    <ClCompile Include="math\FloatArray.cpp">
      <Filter>math</Filter>
    </ClCompile>
    <ClCompile Include="base\EventStream.cpp">
      <Filter>base</Filter>
    </ClCompile>
    <ClCompile Include="renderer\Camera2D.cpp">
      <Filter>renderer</Filter>
    </ClCompile>
    <ClCompile Include="particles\EmitterMesh.cpp">
      <Filter>particles</Filter>
    </ClCompile>
    <ClCompile Include="world\components\LightComponent.cpp">
      <Filter>world\components</Filter>
    </ClCompile>
    <ClCompile Include="memory\DataBlockAllocator.cpp">
      <Filter>memory</Filter>
    </ClCompile>
    <ClCompile Include="io\FileWatcher.cpp">
      <Filter>io</Filter>
    </ClCompile>
    <ClCompile Include="io\BinaryLoader.cpp">
      <Filter>io</Filter>
    </ClCompile>
    <ClCompile Include="io\BinaryWriter.cpp">
      <Filter>io</Filter>
    </ClCompile>
    <ClCompile Include="data\Gizmo.cpp">
      <Filter>data</Filter>
    </ClCompile>
    <ClCompile Include="sprites\SpriteCollisionManager.cpp">
      <Filter>sprites</Filter>
    </ClCompile>
    <ClCompile Include="sprites\SpriteAnimation.cpp">
      <Filter>sprites</Filter>
    </ClCompile>
    <ClCompile Include="sprites\SpriteObjectDescription.cpp">
      <Filter>sprites</Filter>
    </ClCompile>
    <ClCompile Include="objects\HUD.cpp">
      <Filter>objects</Filter>
    </ClCompile>
    <ClCompile Include="objects\TextMessage.cpp">
      <Filter>objects</Filter>
    </ClCompile>
    <ClCompile Include="particles\ParticleSystem.cpp">
      <Filter>particles</Filter>
    </ClCompile>
    <ClCompile Include="compiler\HUDConverter.cpp">
      <Filter>compiler</Filter>
    </ClCompile>
    <ClCompile Include="compiler\AssetCompiler.cpp">
      <Filter>compiler</Filter>
    </ClCompile>
    <ClCompile Include="compiler\GUIConverter.cpp">
      <Filter>compiler</Filter>
    </ClCompile>
    <ClCompile Include="compiler\DialogConverter.cpp">
      <Filter>compiler</Filter>
    </ClCompile>
    <ClCompile Include="compiler\BitmapFontConverter.cpp">
      <Filter>compiler</Filter>
    </ClCompile>
    <ClCompile Include="renderer\BitmapFont.cpp">
      <Filter>renderer</Filter>
    </ClCompile>
    <ClCompile Include="compiler\ParticleSystemConverter.cpp">
      <Filter>compiler</Filter>
    </ClCompile>
    <ClCompile Include="compiler\SpriteConverter.cpp">
      <Filter>compiler</Filter>
    </ClCompile>
    <ClCompile Include="sprites\Sprite.cpp">
      <Filter>sprites</Filter>
    </ClCompile>
    <ClCompile Include="particles\ParticleManager.cpp">
      <Filter>particles</Filter>
    </ClCompile>
    <ClCompile Include="compiler\ParticleManagerConverter.cpp">
      <Filter>compiler</Filter>
    </ClCompile>
    <ClCompile Include="objects\BloomComponent.cpp">
      <Filter>objects</Filter>
    </ClCompile>
    <ClCompile Include="sprites\SpriteBatch.cpp">
      <Filter>sprites</Filter>
    </ClCompile>
    <ClCompile Include="compiler\SpritesDescriptionConverter.cpp">
      <Filter>compiler</Filter>
    </ClCompile>
    <ClCompile Include="compiler\ScriptConverter.cpp">
      <Filter>compiler</Filter>
    </ClCompile>
    <ClCompile Include="script\ScriptVM.cpp">
      <Filter>script</Filter>
    </ClCompile>
    <ClCompile Include="script\Tokenizer.cpp">
      <Filter>script</Filter>
    </ClCompile>
    <ClCompile Include="ecs\CollisionSystem.cpp">
      <Filter>ecs</Filter>
    </ClCompile>
    <ClCompile Include="ecs\SpriteRenderSystem.cpp">
      <Filter>ecs</Filter>
    </ClCompile>
    <ClCompile Include="ecs\World.cpp">
      <Filter>ecs</Filter>
    </ClCompile>
    <ClCompile Include="ecs\Blueprint.cpp">
      <Filter>ecs</Filter>
    </ClCompile>
  </ItemGroup>
  <ItemGroup>
    <ClInclude Include="dxstdafx.h" />
    <ClInclude Include="resource.h" />
    <ClInclude Include="utils\FileUtils.h">
      <Filter>utils</Filter>
    </ClInclude>
    <ClInclude Include="utils\Log.h">
      <Filter>utils</Filter>
    </ClInclude>
    <ClInclude Include="utils\mtrand.h">
      <Filter>utils</Filter>
    </ClInclude>
    <ClInclude Include="utils\PlainTextReader.h">
      <Filter>utils</Filter>
    </ClInclude>
    <ClInclude Include="utils\Profiler.h">
      <Filter>utils</Filter>
    </ClInclude>
    <ClInclude Include="utils\StringUtils.h">
      <Filter>utils</Filter>
    </ClInclude>
    <ClInclude Include="renderer\Camera.h">
      <Filter>renderer</Filter>
    </ClInclude>
    <ClInclude Include="renderer\GraphicsDevice.h">
      <Filter>renderer</Filter>
    </ClInclude>
    <ClInclude Include="renderer\Renderer.h">
      <Filter>renderer</Filter>
    </ClInclude>
    <ClInclude Include="renderer\VertexDeclaration.h">
      <Filter>renderer</Filter>
    </ClInclude>
    <ClInclude Include="renderer\Viewport.h">
      <Filter>renderer</Filter>
    </ClInclude>
    <ClInclude Include="audio\AudioManager.h">
      <Filter>audio</Filter>
    </ClInclude>
    <ClInclude Include="audio\AudioBuffer.h">
      <Filter>audio</Filter>
    </ClInclude>
    <ClInclude Include="base\BaseApp.h">
      <Filter>base</Filter>
    </ClInclude>
    <ClInclude Include="base\Input.h">
      <Filter>base</Filter>
    </ClInclude>
    <ClInclude Include="base\Settings.h">
      <Filter>base</Filter>
    </ClInclude>
    <ClInclude Include="lib\container\GridArray.h">
      <Filter>lib\container</Filter>
    </ClInclude>
    <ClInclude Include="lib\container\List.h">
      <Filter>lib\container</Filter>
    </ClInclude>
    <ClInclude Include="lib\container\String.h">
      <Filter>lib\container</Filter>
    </ClInclude>
    <ClInclude Include="utils\Color.h">
      <Filter>utils</Filter>
    </ClInclude>
    <ClInclude Include="renderer\render_types.h">
      <Filter>renderer</Filter>
    </ClInclude>
    <ClInclude Include="renderer\DrawCounter.h">
      <Filter>renderer</Filter>
    </ClInclude>
    <ClInclude Include="renderer\vertex_types.h">
      <Filter>renderer</Filter>
    </ClInclude>
    <ClInclude Include="dialogs\GUIDialog.h">
      <Filter>dialogs</Filter>
    </ClInclude>
    <ClInclude Include="audio\Sound.h">
      <Filter>audio</Filter>
    </ClInclude>
    <ClInclude Include="particles\Particle.h">
      <Filter>particles</Filter>
    </ClInclude>
    <ClInclude Include="dialogs\DialogManager.h">
      <Filter>dialogs</Filter>
    </ClInclude>
    <ClInclude Include="renderer\buffer_types.h">
      <Filter>renderer</Filter>
    </ClInclude>
    <ClInclude Include="math\math_types.h">
      <Filter>math</Filter>
    </ClInclude>
    <ClInclude Include="math\matrix.h">
      <Filter>math</Filter>
    </ClInclude>
    <ClInclude Include="math\vector.h">
      <Filter>math</Filter>
    </ClInclude>
    <ClInclude Include="math\GameMath.h">
      <Filter>math</Filter>
    </ClInclude>
    <ClInclude Include="renderer\shader.h">
      <Filter>renderer</Filter>
    </ClInclude>
    <ClInclude Include="memory\FSAllocator.h">
      <Filter>memory</Filter>
    </ClInclude>
    <ClInclude Include="memory\memory_types.h">
      <Filter>memory</Filter>
    </ClInclude>
    <ClInclude Include="memory\MallocAllocator.h">
      <Filter>memory</Filter>
    </ClInclude>
    <ClInclude Include="memory\FreeListAllocator.h">
      <Filter>memory</Filter>
    </ClInclude>
    <ClInclude Include="utils\font.h">
      <Filter>utils</Filter>
    </ClInclude>
    <ClInclude Include="math\FloatArray.h">
      <Filter>math</Filter>
    </ClInclude>
    <ClInclude Include="lib\ScratchBuffer.h">
      <Filter>lib</Filter>
    </ClInclude>
    <ClInclude Include="lib\DataBuffer.h">
      <Filter>lib</Filter>
    </ClInclude>
    <ClInclude Include="lib\Grid.h">
      <Filter>lib</Filter>
    </ClInclude>
    <ClInclude Include="base\EventStream.h">
      <Filter>base</Filter>
    </ClInclude>
    <ClInclude Include="renderer\Camera2D.h">
      <Filter>renderer</Filter>
    </ClInclude>
    <ClInclude Include="math\Bitset.h">
      <Filter>math</Filter>
    </ClInclude>
    <ClInclude Include="particles\EmitterMesh.h">
      <Filter>particles</Filter>
    </ClInclude>
    <ClInclude Include="world\components\LightComponent.h">
      <Filter>world\components</Filter>
    </ClInclude>
    <ClInclude Include="utils\GameTimer.h">
      <Filter>utils</Filter>
    </ClInclude>
    <ClInclude Include="memory\DataBlockAllocator.h">
      <Filter>memory</Filter>
    </ClInclude>
    <ClInclude Include="io\Serializer.h">
      <Filter>io</Filter>
    </ClInclude>
    <ClInclude Include="io\FileWatcher.h">
      <Filter>io</Filter>
    </ClInclude>
    <ClInclude Include="io\BinaryLoader.h">
      <Filter>io</Filter>
    </ClInclude>
    <ClInclude Include="io\BinaryWriter.h">
      <Filter>io</Filter>
    </ClInclude>
    <ClInclude Include="lib\container\ImmutableBag.h">
      <Filter>lib\container</Filter>
    </ClInclude>
    <ClInclude Include="data\Param.h">
      <Filter>data</Filter>
    </ClInclude>
    <ClInclude Include="data\Gizmo.h">
      <Filter>data</Filter>
    </ClInclude>
    <ClInclude Include="sprites\SpriteCollisionManager.h">
      <Filter>sprites</Filter>
    </ClInclude>
    <ClInclude Include="sprites\SpriteAnimation.h">
      <Filter>sprites</Filter>
    </ClInclude>
    <ClInclude Include="sprites\SpriteObjectDescription.h">
      <Filter>sprites</Filter>
    </ClInclude>
    <ClInclude Include="base\ApplicationContext.h">
      <Filter>base</Filter>
    </ClInclude>
    <ClInclude Include="base\GameObject.h">
      <Filter>base</Filter>
    </ClInclude>
    <ClInclude Include="objects\HUD.h">
      <Filter>objects</Filter>
    </ClInclude>
    <ClInclude Include="objects\TextMessage.h">
      <Filter>objects</Filter>
    </ClInclude>
    <ClInclude Include="particles\ParticleSystem.h">
      <Filter>particles</Filter>
    </ClInclude>
    <ClInclude Include="compiler\HUDConverter.h">
      <Filter>compiler</Filter>
    </ClInclude>
    <ClInclude Include="compiler\AssetCompiler.h">
      <Filter>compiler</Filter>
    </ClInclude>
    <ClInclude Include="compiler\Converter.h">
      <Filter>compiler</Filter>
    </ClInclude>
    <ClInclude Include="compiler\GUIConverter.h">
      <Filter>compiler</Filter>
    </ClInclude>
    <ClInclude Include="compiler\DialogConverter.h">
      <Filter>compiler</Filter>
    </ClInclude>
    <ClInclude Include="compiler\BitmapFontConverter.h">
      <Filter>compiler</Filter>
    </ClInclude>
    <ClInclude Include="renderer\BitmapFont.h">
      <Filter>renderer</Filter>
    </ClInclude>
    <ClInclude Include="compiler\ParticleSystemConverter.h">
      <Filter>compiler</Filter>
    </ClInclude>
    <ClInclude Include="compiler\SpriteConverter.h">
      <Filter>compiler</Filter>
    </ClInclude>
    <ClInclude Include="particles\DynamicSettings.h">
      <Filter>particles</Filter>
    </ClInclude>
    <ClInclude Include="sprites\Sprite.h">
      <Filter>sprites</Filter>
    </ClInclude>
    <ClInclude Include="sprites\CompositeSprite.h">
      <Filter>sprites</Filter>
    </ClInclude>
    <ClInclude Include="sprites\SpritesObject.h">
      <Filter>sprites</Filter>
    </ClInclude>
    <ClInclude Include="particles\ParticleManager.h">
      <Filter>particles</Filter>
    </ClInclude>
    <ClInclude Include="compiler\ParticleManagerConverter.h">
      <Filter>compiler</Filter>
    </ClInclude>
    <ClInclude Include="lib\container\dVector.h">
      <Filter>lib\container</Filter>
    </ClInclude>
    <ClInclude Include="objects\BloomComponent.h">
      <Filter>objects</Filter>
    </ClInclude>
    <ClInclude Include="sprites\SpriteBatch.h">
      <Filter>sprites</Filter>
    </ClInclude>
    <ClInclude Include="compiler\SpritesDescriptionConverter.h">
      <Filter>compiler</Filter>
    </ClInclude>
    <ClInclude Include="compiler\ScriptConverter.h">
      <Filter>compiler</Filter>
    </ClInclude>
    <ClInclude Include="script\ScriptVM.h">
      <Filter>script</Filter>
    </ClInclude>
    <ClInclude Include="script\Tokenizer.h">
      <Filter>script</Filter>
    </ClInclude>
    <ClInclude Include="script\Script.h">
      <Filter>script</Filter>
    </ClInclude>
    <ClInclude Include="data\DataTranslator.h">
      <Filter>data</Filter>
    </ClInclude>
    <ClInclude Include="lib\DataArray.h">
      <Filter>lib</Filter>
    </ClInclude>
    <ClInclude Include="ecs\Actor.h">
      <Filter>ecs</Filter>
    </ClInclude>
    <ClInclude Include="ecs\Animations.h">
      <Filter>ecs</Filter>
    </ClInclude>
    <ClInclude Include="ecs\CollisionSystem.h">
      <Filter>ecs</Filter>
    </ClInclude>
    <ClInclude Include="ecs\ControllerBehaviors.h">
      <Filter>ecs</Filter>
    </ClInclude>
    <ClInclude Include="ecs\LifecycleBehaviors.h">
      <Filter>ecs</Filter>
    </ClInclude>
    <ClInclude Include="ecs\MoveBehaviors.h">
      <Filter>ecs</Filter>
    </ClInclude>
    <ClInclude Include="ecs\SpriteRenderSystem.h">
      <Filter>ecs</Filter>
    </ClInclude>
    <ClInclude Include="ecs\World.h">
      <Filter>ecs</Filter>
    </ClInclude>
    <ClInclude Include="ecs\Blueprint.h">
      <Filter>ecs</Filter>
    </ClInclude>
    <ClInclude Include="data\DynamicSettings.h">
      <Filter>data</Filter>
    </ClInclude>
  </ItemGroup>
  <ItemGroup>
    <None Include="DXUT\Optional\directx.ico" />
    <None Include="TODO.txt" />
  </ItemGroup>
  <ItemGroup>
    <Filter Include="utils">
      <UniqueIdentifier>{814ebfef-ec5e-4da4-aafd-e45a6b8858f5}</UniqueIdentifier>
    </Filter>
    <Filter Include="renderer">
      <UniqueIdentifier>{75a75e51-1730-4714-a213-8e696000dcb4}</UniqueIdentifier>
    </Filter>
    <Filter Include="audio">
      <UniqueIdentifier>{2ac09f75-d6dd-4064-836f-8b3f76f200f8}</UniqueIdentifier>
    </Filter>
    <Filter Include="base">
      <UniqueIdentifier>{7fc4fc7c-df17-4331-9246-f1354d5cf34c}</UniqueIdentifier>
    </Filter>
    <Filter Include="lib">
      <UniqueIdentifier>{80da9192-27d0-4e36-b560-50768dbeea60}</UniqueIdentifier>
    </Filter>
    <Filter Include="lib\container">
      <UniqueIdentifier>{bb121fc2-ac2f-4180-af32-0e3069191923}</UniqueIdentifier>
    </Filter>
    <Filter Include="dialogs">
      <UniqueIdentifier>{e5471b25-6034-4697-bf0c-5d3f5ca195f0}</UniqueIdentifier>
    </Filter>
    <Filter Include="particles">
      <UniqueIdentifier>{86130fce-dcee-4298-b65f-91dfdc1a6e93}</UniqueIdentifier>
    </Filter>
    <Filter Include="math">
      <UniqueIdentifier>{c44a0c43-890c-4d0c-a3c0-acdef8e08bc8}</UniqueIdentifier>
    </Filter>
    <Filter Include="memory">
      <UniqueIdentifier>{d5b703ad-3c64-4a00-91ff-acebbf3ef8bc}</UniqueIdentifier>
    </Filter>
    <Filter Include="world">
      <UniqueIdentifier>{ae22df38-8d64-4a51-b055-3d43c502066a}</UniqueIdentifier>
    </Filter>
    <Filter Include="world\components">
      <UniqueIdentifier>{1d97f0c4-4969-4b32-abbd-ef47bed840fb}</UniqueIdentifier>
    </Filter>
    <Filter Include="io">
      <UniqueIdentifier>{f18a0897-5410-4308-af35-93f8459b4957}</UniqueIdentifier>
    </Filter>
    <Filter Include="data">
      <UniqueIdentifier>{60f9dd9d-4ebf-4c59-9f8e-781cf033ff9e}</UniqueIdentifier>
    </Filter>
    <Filter Include="sprites">
      <UniqueIdentifier>{8d172883-66db-4af1-bda9-faab2ac576f2}</UniqueIdentifier>
    </Filter>
    <Filter Include="objects">
      <UniqueIdentifier>{154b76ff-d046-4d98-9f4f-5b6a10fd3864}</UniqueIdentifier>
    </Filter>
    <Filter Include="compiler">
      <UniqueIdentifier>{fcbfebaa-fe95-4080-a20b-7f0f2d6b1828}</UniqueIdentifier>
    </Filter>
    <Filter Include="script">
      <UniqueIdentifier>{f5116c61-182b-405c-95ec-8389dba62434}</UniqueIdentifier>
    </Filter>
    <Filter Include="ecs">
      <UniqueIdentifier>{78a42f98-d454-4702-8275-944d42677625}</UniqueIdentifier>
    </Filter>
  </ItemGroup>
</Project>